
Microsoft Visual Studio Solution File, Format Version 12.00
# Visual Studio 14
VisualStudioVersion = 14.0.25420.1
MinimumVisualStudioVersion = 10.0.40219.1
Project("{FAE04EC0-301F-11D3-BF4B-00C04F79EFBC}") = "PGBind", "PGBind\PGBind.csproj", "{A01E5A88-4A6B-433D-8BC3-C9E9AFF4479A}"
EndProject
Project("{FAE04EC0-301F-11D3-BF4B-00C04F79EFBC}") = "AppPG.Android", "AppPG\AppPG.Android\AppPG.Android.csproj", "{4C6505FE-5798-4708-ADAB-F14E539AA688}"
EndProject
Project("{FAE04EC0-301F-11D3-BF4B-00C04F79EFBC}") = "AppPG", "AppPG\AppPG\AppPG.csproj", "{01361FD0-F6C9-421D-8304-C40F4D6A4B52}"
EndProject
Project("{FAE04EC0-301F-11D3-BF4B-00C04F79EFBC}") = "AppPG.UWP", "AppPG\AppPG.UWP\AppPG.UWP.csproj", "{CAAA77F9-B9F0-40D1-9C54-8C3BA2E32756}"
EndProject
Project("{FAE04EC0-301F-11D3-BF4B-00C04F79EFBC}") = "AppPG.iOS", "AppPG\AppPG.iOS\AppPG.iOS.csproj", "{263C813D-BF21-4D76-88BE-4E78638112C1}"
EndProject
Global
	GlobalSection(SolutionConfigurationPlatforms) = preSolution
		Ad-Hoc|Any CPU = Ad-Hoc|Any CPU
		Ad-Hoc|ARM = Ad-Hoc|ARM
		Ad-Hoc|iPhone = Ad-Hoc|iPhone
		Ad-Hoc|iPhoneSimulator = Ad-Hoc|iPhoneSimulator
		Ad-Hoc|x64 = Ad-Hoc|x64
		Ad-Hoc|x86 = Ad-Hoc|x86
		AppStore|Any CPU = AppStore|Any CPU
		AppStore|ARM = AppStore|ARM
		AppStore|iPhone = AppStore|iPhone
		AppStore|iPhoneSimulator = AppStore|iPhoneSimulator
		AppStore|x64 = AppStore|x64
		AppStore|x86 = AppStore|x86
		Debug|Any CPU = Debug|Any CPU
		Debug|ARM = Debug|ARM
		Debug|iPhone = Debug|iPhone
		Debug|iPhoneSimulator = Debug|iPhoneSimulator
		Debug|x64 = Debug|x64
		Debug|x86 = Debug|x86
		Release|Any CPU = Release|Any CPU
		Release|ARM = Release|ARM
		Release|iPhone = Release|iPhone
		Release|iPhoneSimulator = Release|iPhoneSimulator
		Release|x64 = Release|x64
		Release|x86 = Release|x86
	EndGlobalSection
	GlobalSection(ProjectConfigurationPlatforms) = postSolution
		{A01E5A88-4A6B-433D-8BC3-C9E9AFF4479A}.Ad-Hoc|Any CPU.ActiveCfg = Release|Any CPU
		{A01E5A88-4A6B-433D-8BC3-C9E9AFF4479A}.Ad-Hoc|Any CPU.Build.0 = Release|Any CPU
		{A01E5A88-4A6B-433D-8BC3-C9E9AFF4479A}.Ad-Hoc|ARM.ActiveCfg = Release|Any CPU
		{A01E5A88-4A6B-433D-8BC3-C9E9AFF4479A}.Ad-Hoc|ARM.Build.0 = Release|Any CPU
		{A01E5A88-4A6B-433D-8BC3-C9E9AFF4479A}.Ad-Hoc|iPhone.ActiveCfg = Release|Any CPU
		{A01E5A88-4A6B-433D-8BC3-C9E9AFF4479A}.Ad-Hoc|iPhone.Build.0 = Release|Any CPU
		{A01E5A88-4A6B-433D-8BC3-C9E9AFF4479A}.Ad-Hoc|iPhoneSimulator.ActiveCfg = Release|Any CPU
		{A01E5A88-4A6B-433D-8BC3-C9E9AFF4479A}.Ad-Hoc|iPhoneSimulator.Build.0 = Release|Any CPU
		{A01E5A88-4A6B-433D-8BC3-C9E9AFF4479A}.Ad-Hoc|x64.ActiveCfg = Release|Any CPU
		{A01E5A88-4A6B-433D-8BC3-C9E9AFF4479A}.Ad-Hoc|x64.Build.0 = Release|Any CPU
		{A01E5A88-4A6B-433D-8BC3-C9E9AFF4479A}.Ad-Hoc|x86.ActiveCfg = Release|Any CPU
		{A01E5A88-4A6B-433D-8BC3-C9E9AFF4479A}.Ad-Hoc|x86.Build.0 = Release|Any CPU
		{A01E5A88-4A6B-433D-8BC3-C9E9AFF4479A}.AppStore|Any CPU.ActiveCfg = Release|Any CPU
		{A01E5A88-4A6B-433D-8BC3-C9E9AFF4479A}.AppStore|Any CPU.Build.0 = Release|Any CPU
		{A01E5A88-4A6B-433D-8BC3-C9E9AFF4479A}.AppStore|ARM.ActiveCfg = Release|Any CPU
		{A01E5A88-4A6B-433D-8BC3-C9E9AFF4479A}.AppStore|ARM.Build.0 = Release|Any CPU
		{A01E5A88-4A6B-433D-8BC3-C9E9AFF4479A}.AppStore|iPhone.ActiveCfg = Release|Any CPU
		{A01E5A88-4A6B-433D-8BC3-C9E9AFF4479A}.AppStore|iPhone.Build.0 = Release|Any CPU
		{A01E5A88-4A6B-433D-8BC3-C9E9AFF4479A}.AppStore|iPhoneSimulator.ActiveCfg = Release|Any CPU
		{A01E5A88-4A6B-433D-8BC3-C9E9AFF4479A}.AppStore|iPhoneSimulator.Build.0 = Release|Any CPU
		{A01E5A88-4A6B-433D-8BC3-C9E9AFF4479A}.AppStore|x64.ActiveCfg = Release|Any CPU
		{A01E5A88-4A6B-433D-8BC3-C9E9AFF4479A}.AppStore|x64.Build.0 = Release|Any CPU
		{A01E5A88-4A6B-433D-8BC3-C9E9AFF4479A}.AppStore|x86.ActiveCfg = Release|Any CPU
		{A01E5A88-4A6B-433D-8BC3-C9E9AFF4479A}.AppStore|x86.Build.0 = Release|Any CPU
		{A01E5A88-4A6B-433D-8BC3-C9E9AFF4479A}.Debug|Any CPU.ActiveCfg = Debug|Any CPU
		{A01E5A88-4A6B-433D-8BC3-C9E9AFF4479A}.Debug|Any CPU.Build.0 = Debug|Any CPU
		{A01E5A88-4A6B-433D-8BC3-C9E9AFF4479A}.Debug|ARM.ActiveCfg = Debug|Any CPU
		{A01E5A88-4A6B-433D-8BC3-C9E9AFF4479A}.Debug|ARM.Build.0 = Debug|Any CPU
		{A01E5A88-4A6B-433D-8BC3-C9E9AFF4479A}.Debug|iPhone.ActiveCfg = Debug|Any CPU
		{A01E5A88-4A6B-433D-8BC3-C9E9AFF4479A}.Debug|iPhone.Build.0 = Debug|Any CPU
		{A01E5A88-4A6B-433D-8BC3-C9E9AFF4479A}.Debug|iPhoneSimulator.ActiveCfg = Debug|Any CPU
		{A01E5A88-4A6B-433D-8BC3-C9E9AFF4479A}.Debug|iPhoneSimulator.Build.0 = Debug|Any CPU
		{A01E5A88-4A6B-433D-8BC3-C9E9AFF4479A}.Debug|x64.ActiveCfg = Debug|Any CPU
		{A01E5A88-4A6B-433D-8BC3-C9E9AFF4479A}.Debug|x64.Build.0 = Debug|Any CPU
		{A01E5A88-4A6B-433D-8BC3-C9E9AFF4479A}.Debug|x86.ActiveCfg = Debug|Any CPU
		{A01E5A88-4A6B-433D-8BC3-C9E9AFF4479A}.Debug|x86.Build.0 = Debug|Any CPU
		{A01E5A88-4A6B-433D-8BC3-C9E9AFF4479A}.Release|Any CPU.ActiveCfg = Release|Any CPU
		{A01E5A88-4A6B-433D-8BC3-C9E9AFF4479A}.Release|Any CPU.Build.0 = Release|Any CPU
		{A01E5A88-4A6B-433D-8BC3-C9E9AFF4479A}.Release|ARM.ActiveCfg = Release|Any CPU
		{A01E5A88-4A6B-433D-8BC3-C9E9AFF4479A}.Release|ARM.Build.0 = Release|Any CPU
		{A01E5A88-4A6B-433D-8BC3-C9E9AFF4479A}.Release|iPhone.ActiveCfg = Release|Any CPU
		{A01E5A88-4A6B-433D-8BC3-C9E9AFF4479A}.Release|iPhone.Build.0 = Release|Any CPU
		{A01E5A88-4A6B-433D-8BC3-C9E9AFF4479A}.Release|iPhoneSimulator.ActiveCfg = Release|Any CPU
		{A01E5A88-4A6B-433D-8BC3-C9E9AFF4479A}.Release|iPhoneSimulator.Build.0 = Release|Any CPU
		{A01E5A88-4A6B-433D-8BC3-C9E9AFF4479A}.Release|x64.ActiveCfg = Release|Any CPU
		{A01E5A88-4A6B-433D-8BC3-C9E9AFF4479A}.Release|x64.Build.0 = Release|Any CPU
		{A01E5A88-4A6B-433D-8BC3-C9E9AFF4479A}.Release|x86.ActiveCfg = Release|Any CPU
		{A01E5A88-4A6B-433D-8BC3-C9E9AFF4479A}.Release|x86.Build.0 = Release|Any CPU
		{4C6505FE-5798-4708-ADAB-F14E539AA688}.Ad-Hoc|Any CPU.ActiveCfg = Release|Any CPU
		{4C6505FE-5798-4708-ADAB-F14E539AA688}.Ad-Hoc|Any CPU.Build.0 = Release|Any CPU
		{4C6505FE-5798-4708-ADAB-F14E539AA688}.Ad-Hoc|Any CPU.Deploy.0 = Release|Any CPU
		{4C6505FE-5798-4708-ADAB-F14E539AA688}.Ad-Hoc|ARM.ActiveCfg = Release|Any CPU
		{4C6505FE-5798-4708-ADAB-F14E539AA688}.Ad-Hoc|ARM.Build.0 = Release|Any CPU
		{4C6505FE-5798-4708-ADAB-F14E539AA688}.Ad-Hoc|ARM.Deploy.0 = Release|Any CPU
		{4C6505FE-5798-4708-ADAB-F14E539AA688}.Ad-Hoc|iPhone.ActiveCfg = Release|Any CPU
		{4C6505FE-5798-4708-ADAB-F14E539AA688}.Ad-Hoc|iPhone.Build.0 = Release|Any CPU
		{4C6505FE-5798-4708-ADAB-F14E539AA688}.Ad-Hoc|iPhone.Deploy.0 = Release|Any CPU
		{4C6505FE-5798-4708-ADAB-F14E539AA688}.Ad-Hoc|iPhoneSimulator.ActiveCfg = Release|Any CPU
		{4C6505FE-5798-4708-ADAB-F14E539AA688}.Ad-Hoc|iPhoneSimulator.Build.0 = Release|Any CPU
		{4C6505FE-5798-4708-ADAB-F14E539AA688}.Ad-Hoc|iPhoneSimulator.Deploy.0 = Release|Any CPU
		{4C6505FE-5798-4708-ADAB-F14E539AA688}.Ad-Hoc|x64.ActiveCfg = Release|Any CPU
		{4C6505FE-5798-4708-ADAB-F14E539AA688}.Ad-Hoc|x64.Build.0 = Release|Any CPU
		{4C6505FE-5798-4708-ADAB-F14E539AA688}.Ad-Hoc|x64.Deploy.0 = Release|Any CPU
		{4C6505FE-5798-4708-ADAB-F14E539AA688}.Ad-Hoc|x86.ActiveCfg = Release|Any CPU
		{4C6505FE-5798-4708-ADAB-F14E539AA688}.Ad-Hoc|x86.Build.0 = Release|Any CPU
		{4C6505FE-5798-4708-ADAB-F14E539AA688}.Ad-Hoc|x86.Deploy.0 = Release|Any CPU
		{4C6505FE-5798-4708-ADAB-F14E539AA688}.AppStore|Any CPU.ActiveCfg = Release|Any CPU
		{4C6505FE-5798-4708-ADAB-F14E539AA688}.AppStore|Any CPU.Build.0 = Release|Any CPU
		{4C6505FE-5798-4708-ADAB-F14E539AA688}.AppStore|Any CPU.Deploy.0 = Release|Any CPU
		{4C6505FE-5798-4708-ADAB-F14E539AA688}.AppStore|ARM.ActiveCfg = Release|Any CPU
		{4C6505FE-5798-4708-ADAB-F14E539AA688}.AppStore|ARM.Build.0 = Release|Any CPU
		{4C6505FE-5798-4708-ADAB-F14E539AA688}.AppStore|ARM.Deploy.0 = Release|Any CPU
		{4C6505FE-5798-4708-ADAB-F14E539AA688}.AppStore|iPhone.ActiveCfg = Release|Any CPU
		{4C6505FE-5798-4708-ADAB-F14E539AA688}.AppStore|iPhone.Build.0 = Release|Any CPU
		{4C6505FE-5798-4708-ADAB-F14E539AA688}.AppStore|iPhone.Deploy.0 = Release|Any CPU
		{4C6505FE-5798-4708-ADAB-F14E539AA688}.AppStore|iPhoneSimulator.ActiveCfg = Release|Any CPU
		{4C6505FE-5798-4708-ADAB-F14E539AA688}.AppStore|iPhoneSimulator.Build.0 = Release|Any CPU
		{4C6505FE-5798-4708-ADAB-F14E539AA688}.AppStore|iPhoneSimulator.Deploy.0 = Release|Any CPU
		{4C6505FE-5798-4708-ADAB-F14E539AA688}.AppStore|x64.ActiveCfg = Release|Any CPU
		{4C6505FE-5798-4708-ADAB-F14E539AA688}.AppStore|x64.Build.0 = Release|Any CPU
		{4C6505FE-5798-4708-ADAB-F14E539AA688}.AppStore|x64.Deploy.0 = Release|Any CPU
		{4C6505FE-5798-4708-ADAB-F14E539AA688}.AppStore|x86.ActiveCfg = Release|Any CPU
		{4C6505FE-5798-4708-ADAB-F14E539AA688}.AppStore|x86.Build.0 = Release|Any CPU
		{4C6505FE-5798-4708-ADAB-F14E539AA688}.AppStore|x86.Deploy.0 = Release|Any CPU
		{4C6505FE-5798-4708-ADAB-F14E539AA688}.Debug|Any CPU.ActiveCfg = Debug|Any CPU
		{4C6505FE-5798-4708-ADAB-F14E539AA688}.Debug|Any CPU.Build.0 = Debug|Any CPU
		{4C6505FE-5798-4708-ADAB-F14E539AA688}.Debug|Any CPU.Deploy.0 = Debug|Any CPU
		{4C6505FE-5798-4708-ADAB-F14E539AA688}.Debug|ARM.ActiveCfg = Debug|Any CPU
		{4C6505FE-5798-4708-ADAB-F14E539AA688}.Debug|ARM.Build.0 = Debug|Any CPU
		{4C6505FE-5798-4708-ADAB-F14E539AA688}.Debug|ARM.Deploy.0 = Debug|Any CPU
		{4C6505FE-5798-4708-ADAB-F14E539AA688}.Debug|iPhone.ActiveCfg = Debug|Any CPU
		{4C6505FE-5798-4708-ADAB-F14E539AA688}.Debug|iPhone.Build.0 = Debug|Any CPU
		{4C6505FE-5798-4708-ADAB-F14E539AA688}.Debug|iPhone.Deploy.0 = Debug|Any CPU
		{4C6505FE-5798-4708-ADAB-F14E539AA688}.Debug|iPhoneSimulator.ActiveCfg = Debug|Any CPU
		{4C6505FE-5798-4708-ADAB-F14E539AA688}.Debug|iPhoneSimulator.Build.0 = Debug|Any CPU
		{4C6505FE-5798-4708-ADAB-F14E539AA688}.Debug|iPhoneSimulator.Deploy.0 = Debug|Any CPU
		{4C6505FE-5798-4708-ADAB-F14E539AA688}.Debug|x64.ActiveCfg = Debug|Any CPU
		{4C6505FE-5798-4708-ADAB-F14E539AA688}.Debug|x64.Build.0 = Debug|Any CPU
		{4C6505FE-5798-4708-ADAB-F14E539AA688}.Debug|x64.Deploy.0 = Debug|Any CPU
		{4C6505FE-5798-4708-ADAB-F14E539AA688}.Debug|x86.ActiveCfg = Debug|Any CPU
		{4C6505FE-5798-4708-ADAB-F14E539AA688}.Debug|x86.Build.0 = Debug|Any CPU
		{4C6505FE-5798-4708-ADAB-F14E539AA688}.Debug|x86.Deploy.0 = Debug|Any CPU
		{4C6505FE-5798-4708-ADAB-F14E539AA688}.Release|Any CPU.ActiveCfg = Release|Any CPU
		{4C6505FE-5798-4708-ADAB-F14E539AA688}.Release|Any CPU.Build.0 = Release|Any CPU
		{4C6505FE-5798-4708-ADAB-F14E539AA688}.Release|Any CPU.Deploy.0 = Release|Any CPU
		{4C6505FE-5798-4708-ADAB-F14E539AA688}.Release|ARM.ActiveCfg = Release|Any CPU
		{4C6505FE-5798-4708-ADAB-F14E539AA688}.Release|ARM.Build.0 = Release|Any CPU
		{4C6505FE-5798-4708-ADAB-F14E539AA688}.Release|ARM.Deploy.0 = Release|Any CPU
		{4C6505FE-5798-4708-ADAB-F14E539AA688}.Release|iPhone.ActiveCfg = Release|Any CPU
		{4C6505FE-5798-4708-ADAB-F14E539AA688}.Release|iPhone.Build.0 = Release|Any CPU
		{4C6505FE-5798-4708-ADAB-F14E539AA688}.Release|iPhone.Deploy.0 = Release|Any CPU
		{4C6505FE-5798-4708-ADAB-F14E539AA688}.Release|iPhoneSimulator.ActiveCfg = Release|Any CPU
		{4C6505FE-5798-4708-ADAB-F14E539AA688}.Release|iPhoneSimulator.Build.0 = Release|Any CPU
		{4C6505FE-5798-4708-ADAB-F14E539AA688}.Release|iPhoneSimulator.Deploy.0 = Release|Any CPU
		{4C6505FE-5798-4708-ADAB-F14E539AA688}.Release|x64.ActiveCfg = Release|Any CPU
		{4C6505FE-5798-4708-ADAB-F14E539AA688}.Release|x64.Build.0 = Release|Any CPU
		{4C6505FE-5798-4708-ADAB-F14E539AA688}.Release|x64.Deploy.0 = Release|Any CPU
		{4C6505FE-5798-4708-ADAB-F14E539AA688}.Release|x86.ActiveCfg = Release|Any CPU
		{4C6505FE-5798-4708-ADAB-F14E539AA688}.Release|x86.Build.0 = Release|Any CPU
		{4C6505FE-5798-4708-ADAB-F14E539AA688}.Release|x86.Deploy.0 = Release|Any CPU
		{01361FD0-F6C9-421D-8304-C40F4D6A4B52}.Ad-Hoc|Any CPU.ActiveCfg = Release|Any CPU
		{01361FD0-F6C9-421D-8304-C40F4D6A4B52}.Ad-Hoc|Any CPU.Build.0 = Release|Any CPU
		{01361FD0-F6C9-421D-8304-C40F4D6A4B52}.Ad-Hoc|ARM.ActiveCfg = Release|Any CPU
		{01361FD0-F6C9-421D-8304-C40F4D6A4B52}.Ad-Hoc|ARM.Build.0 = Release|Any CPU
		{01361FD0-F6C9-421D-8304-C40F4D6A4B52}.Ad-Hoc|iPhone.ActiveCfg = Release|Any CPU
		{01361FD0-F6C9-421D-8304-C40F4D6A4B52}.Ad-Hoc|iPhone.Build.0 = Release|Any CPU
		{01361FD0-F6C9-421D-8304-C40F4D6A4B52}.Ad-Hoc|iPhoneSimulator.ActiveCfg = Release|Any CPU
		{01361FD0-F6C9-421D-8304-C40F4D6A4B52}.Ad-Hoc|iPhoneSimulator.Build.0 = Release|Any CPU
		{01361FD0-F6C9-421D-8304-C40F4D6A4B52}.Ad-Hoc|x64.ActiveCfg = Release|Any CPU
		{01361FD0-F6C9-421D-8304-C40F4D6A4B52}.Ad-Hoc|x64.Build.0 = Release|Any CPU
		{01361FD0-F6C9-421D-8304-C40F4D6A4B52}.Ad-Hoc|x86.ActiveCfg = Release|Any CPU
		{01361FD0-F6C9-421D-8304-C40F4D6A4B52}.Ad-Hoc|x86.Build.0 = Release|Any CPU
		{01361FD0-F6C9-421D-8304-C40F4D6A4B52}.AppStore|Any CPU.ActiveCfg = Release|Any CPU
		{01361FD0-F6C9-421D-8304-C40F4D6A4B52}.AppStore|Any CPU.Build.0 = Release|Any CPU
		{01361FD0-F6C9-421D-8304-C40F4D6A4B52}.AppStore|ARM.ActiveCfg = Release|Any CPU
		{01361FD0-F6C9-421D-8304-C40F4D6A4B52}.AppStore|ARM.Build.0 = Release|Any CPU
		{01361FD0-F6C9-421D-8304-C40F4D6A4B52}.AppStore|iPhone.ActiveCfg = Release|Any CPU
		{01361FD0-F6C9-421D-8304-C40F4D6A4B52}.AppStore|iPhone.Build.0 = Release|Any CPU
		{01361FD0-F6C9-421D-8304-C40F4D6A4B52}.AppStore|iPhoneSimulator.ActiveCfg = Release|Any CPU
		{01361FD0-F6C9-421D-8304-C40F4D6A4B52}.AppStore|iPhoneSimulator.Build.0 = Release|Any CPU
		{01361FD0-F6C9-421D-8304-C40F4D6A4B52}.AppStore|x64.ActiveCfg = Release|Any CPU
		{01361FD0-F6C9-421D-8304-C40F4D6A4B52}.AppStore|x64.Build.0 = Release|Any CPU
		{01361FD0-F6C9-421D-8304-C40F4D6A4B52}.AppStore|x86.ActiveCfg = Release|Any CPU
		{01361FD0-F6C9-421D-8304-C40F4D6A4B52}.AppStore|x86.Build.0 = Release|Any CPU
		{01361FD0-F6C9-421D-8304-C40F4D6A4B52}.Debug|Any CPU.ActiveCfg = Debug|Any CPU
		{01361FD0-F6C9-421D-8304-C40F4D6A4B52}.Debug|Any CPU.Build.0 = Debug|Any CPU
		{01361FD0-F6C9-421D-8304-C40F4D6A4B52}.Debug|ARM.ActiveCfg = Debug|Any CPU
		{01361FD0-F6C9-421D-8304-C40F4D6A4B52}.Debug|ARM.Build.0 = Debug|Any CPU
		{01361FD0-F6C9-421D-8304-C40F4D6A4B52}.Debug|iPhone.ActiveCfg = Debug|Any CPU
		{01361FD0-F6C9-421D-8304-C40F4D6A4B52}.Debug|iPhone.Build.0 = Debug|Any CPU
		{01361FD0-F6C9-421D-8304-C40F4D6A4B52}.Debug|iPhoneSimulator.ActiveCfg = Debug|Any CPU
		{01361FD0-F6C9-421D-8304-C40F4D6A4B52}.Debug|iPhoneSimulator.Build.0 = Debug|Any CPU
		{01361FD0-F6C9-421D-8304-C40F4D6A4B52}.Debug|x64.ActiveCfg = Debug|Any CPU
		{01361FD0-F6C9-421D-8304-C40F4D6A4B52}.Debug|x64.Build.0 = Debug|Any CPU
		{01361FD0-F6C9-421D-8304-C40F4D6A4B52}.Debug|x86.ActiveCfg = Debug|Any CPU
		{01361FD0-F6C9-421D-8304-C40F4D6A4B52}.Debug|x86.Build.0 = Debug|Any CPU
		{01361FD0-F6C9-421D-8304-C40F4D6A4B52}.Release|Any CPU.ActiveCfg = Release|Any CPU
		{01361FD0-F6C9-421D-8304-C40F4D6A4B52}.Release|Any CPU.Build.0 = Release|Any CPU
		{01361FD0-F6C9-421D-8304-C40F4D6A4B52}.Release|ARM.ActiveCfg = Release|Any CPU
		{01361FD0-F6C9-421D-8304-C40F4D6A4B52}.Release|ARM.Build.0 = Release|Any CPU
		{01361FD0-F6C9-421D-8304-C40F4D6A4B52}.Release|iPhone.ActiveCfg = Release|Any CPU
		{01361FD0-F6C9-421D-8304-C40F4D6A4B52}.Release|iPhone.Build.0 = Release|Any CPU
		{01361FD0-F6C9-421D-8304-C40F4D6A4B52}.Release|iPhoneSimulator.ActiveCfg = Release|Any CPU
		{01361FD0-F6C9-421D-8304-C40F4D6A4B52}.Release|iPhoneSimulator.Build.0 = Release|Any CPU
		{01361FD0-F6C9-421D-8304-C40F4D6A4B52}.Release|x64.ActiveCfg = Release|Any CPU
		{01361FD0-F6C9-421D-8304-C40F4D6A4B52}.Release|x64.Build.0 = Release|Any CPU
		{01361FD0-F6C9-421D-8304-C40F4D6A4B52}.Release|x86.ActiveCfg = Release|Any CPU
		{01361FD0-F6C9-421D-8304-C40F4D6A4B52}.Release|x86.Build.0 = Release|Any CPU
		{CAAA77F9-B9F0-40D1-9C54-8C3BA2E32756}.Ad-Hoc|Any CPU.ActiveCfg = Release|x86
		{CAAA77F9-B9F0-40D1-9C54-8C3BA2E32756}.Ad-Hoc|Any CPU.Build.0 = Release|x86
		{CAAA77F9-B9F0-40D1-9C54-8C3BA2E32756}.Ad-Hoc|Any CPU.Deploy.0 = Release|x86
		{CAAA77F9-B9F0-40D1-9C54-8C3BA2E32756}.Ad-Hoc|ARM.ActiveCfg = Release|ARM
		{CAAA77F9-B9F0-40D1-9C54-8C3BA2E32756}.Ad-Hoc|ARM.Build.0 = Release|ARM
		{CAAA77F9-B9F0-40D1-9C54-8C3BA2E32756}.Ad-Hoc|ARM.Deploy.0 = Release|ARM
		{CAAA77F9-B9F0-40D1-9C54-8C3BA2E32756}.Ad-Hoc|iPhone.ActiveCfg = Release|x86
		{CAAA77F9-B9F0-40D1-9C54-8C3BA2E32756}.Ad-Hoc|iPhone.Build.0 = Release|x86
		{CAAA77F9-B9F0-40D1-9C54-8C3BA2E32756}.Ad-Hoc|iPhone.Deploy.0 = Release|x86
		{CAAA77F9-B9F0-40D1-9C54-8C3BA2E32756}.Ad-Hoc|iPhoneSimulator.ActiveCfg = Release|x86
		{CAAA77F9-B9F0-40D1-9C54-8C3BA2E32756}.Ad-Hoc|iPhoneSimulator.Build.0 = Release|x86
		{CAAA77F9-B9F0-40D1-9C54-8C3BA2E32756}.Ad-Hoc|iPhoneSimulator.Deploy.0 = Release|x86
		{CAAA77F9-B9F0-40D1-9C54-8C3BA2E32756}.Ad-Hoc|x64.ActiveCfg = Release|x64
		{CAAA77F9-B9F0-40D1-9C54-8C3BA2E32756}.Ad-Hoc|x64.Build.0 = Release|x64
		{CAAA77F9-B9F0-40D1-9C54-8C3BA2E32756}.Ad-Hoc|x64.Deploy.0 = Release|x64
		{CAAA77F9-B9F0-40D1-9C54-8C3BA2E32756}.Ad-Hoc|x86.ActiveCfg = Release|x86
		{CAAA77F9-B9F0-40D1-9C54-8C3BA2E32756}.Ad-Hoc|x86.Build.0 = Release|x86
		{CAAA77F9-B9F0-40D1-9C54-8C3BA2E32756}.Ad-Hoc|x86.Deploy.0 = Release|x86
		{CAAA77F9-B9F0-40D1-9C54-8C3BA2E32756}.AppStore|Any CPU.ActiveCfg = Release|x86
		{CAAA77F9-B9F0-40D1-9C54-8C3BA2E32756}.AppStore|Any CPU.Build.0 = Release|x86
		{CAAA77F9-B9F0-40D1-9C54-8C3BA2E32756}.AppStore|Any CPU.Deploy.0 = Release|x86
		{CAAA77F9-B9F0-40D1-9C54-8C3BA2E32756}.AppStore|ARM.ActiveCfg = Release|ARM
		{CAAA77F9-B9F0-40D1-9C54-8C3BA2E32756}.AppStore|ARM.Build.0 = Release|ARM
		{CAAA77F9-B9F0-40D1-9C54-8C3BA2E32756}.AppStore|ARM.Deploy.0 = Release|ARM
		{CAAA77F9-B9F0-40D1-9C54-8C3BA2E32756}.AppStore|iPhone.ActiveCfg = Release|x86
		{CAAA77F9-B9F0-40D1-9C54-8C3BA2E32756}.AppStore|iPhone.Build.0 = Release|x86
		{CAAA77F9-B9F0-40D1-9C54-8C3BA2E32756}.AppStore|iPhone.Deploy.0 = Release|x86
		{CAAA77F9-B9F0-40D1-9C54-8C3BA2E32756}.AppStore|iPhoneSimulator.ActiveCfg = Release|x86
		{CAAA77F9-B9F0-40D1-9C54-8C3BA2E32756}.AppStore|iPhoneSimulator.Build.0 = Release|x86
		{CAAA77F9-B9F0-40D1-9C54-8C3BA2E32756}.AppStore|iPhoneSimulator.Deploy.0 = Release|x86
		{CAAA77F9-B9F0-40D1-9C54-8C3BA2E32756}.AppStore|x64.ActiveCfg = Release|x64
		{CAAA77F9-B9F0-40D1-9C54-8C3BA2E32756}.AppStore|x64.Build.0 = Release|x64
		{CAAA77F9-B9F0-40D1-9C54-8C3BA2E32756}.AppStore|x64.Deploy.0 = Release|x64
		{CAAA77F9-B9F0-40D1-9C54-8C3BA2E32756}.AppStore|x86.ActiveCfg = Release|x86
		{CAAA77F9-B9F0-40D1-9C54-8C3BA2E32756}.AppStore|x86.Build.0 = Release|x86
		{CAAA77F9-B9F0-40D1-9C54-8C3BA2E32756}.AppStore|x86.Deploy.0 = Release|x86
		{CAAA77F9-B9F0-40D1-9C54-8C3BA2E32756}.Debug|Any CPU.ActiveCfg = Debug|x86
		{CAAA77F9-B9F0-40D1-9C54-8C3BA2E32756}.Debug|ARM.ActiveCfg = Debug|ARM
		{CAAA77F9-B9F0-40D1-9C54-8C3BA2E32756}.Debug|ARM.Build.0 = Debug|ARM
		{CAAA77F9-B9F0-40D1-9C54-8C3BA2E32756}.Debug|ARM.Deploy.0 = Debug|ARM
		{CAAA77F9-B9F0-40D1-9C54-8C3BA2E32756}.Debug|iPhone.ActiveCfg = Debug|x86
		{CAAA77F9-B9F0-40D1-9C54-8C3BA2E32756}.Debug|iPhoneSimulator.ActiveCfg = Debug|x86
		{CAAA77F9-B9F0-40D1-9C54-8C3BA2E32756}.Debug|x64.ActiveCfg = Debug|x64
		{CAAA77F9-B9F0-40D1-9C54-8C3BA2E32756}.Debug|x64.Build.0 = Debug|x64
		{CAAA77F9-B9F0-40D1-9C54-8C3BA2E32756}.Debug|x64.Deploy.0 = Debug|x64
		{CAAA77F9-B9F0-40D1-9C54-8C3BA2E32756}.Debug|x86.ActiveCfg = Debug|x86
		{CAAA77F9-B9F0-40D1-9C54-8C3BA2E32756}.Debug|x86.Build.0 = Debug|x86
		{CAAA77F9-B9F0-40D1-9C54-8C3BA2E32756}.Debug|x86.Deploy.0 = Debug|x86
		{CAAA77F9-B9F0-40D1-9C54-8C3BA2E32756}.Release|Any CPU.ActiveCfg = Release|x86
		{CAAA77F9-B9F0-40D1-9C54-8C3BA2E32756}.Release|ARM.ActiveCfg = Release|ARM
		{CAAA77F9-B9F0-40D1-9C54-8C3BA2E32756}.Release|ARM.Build.0 = Release|ARM
		{CAAA77F9-B9F0-40D1-9C54-8C3BA2E32756}.Release|ARM.Deploy.0 = Release|ARM
		{CAAA77F9-B9F0-40D1-9C54-8C3BA2E32756}.Release|iPhone.ActiveCfg = Release|x86
		{CAAA77F9-B9F0-40D1-9C54-8C3BA2E32756}.Release|iPhoneSimulator.ActiveCfg = Release|x86
		{CAAA77F9-B9F0-40D1-9C54-8C3BA2E32756}.Release|x64.ActiveCfg = Release|x64
		{CAAA77F9-B9F0-40D1-9C54-8C3BA2E32756}.Release|x64.Build.0 = Release|x64
		{CAAA77F9-B9F0-40D1-9C54-8C3BA2E32756}.Release|x64.Deploy.0 = Release|x64
		{CAAA77F9-B9F0-40D1-9C54-8C3BA2E32756}.Release|x86.ActiveCfg = Release|x86
		{CAAA77F9-B9F0-40D1-9C54-8C3BA2E32756}.Release|x86.Build.0 = Release|x86
		{CAAA77F9-B9F0-40D1-9C54-8C3BA2E32756}.Release|x86.Deploy.0 = Release|x86
		{263C813D-BF21-4D76-88BE-4E78638112C1}.Ad-Hoc|Any CPU.ActiveCfg = Ad-Hoc|iPhone
		{263C813D-BF21-4D76-88BE-4E78638112C1}.Ad-Hoc|ARM.ActiveCfg = Ad-Hoc|iPhone
		{263C813D-BF21-4D76-88BE-4E78638112C1}.Ad-Hoc|iPhone.ActiveCfg = Ad-Hoc|iPhone
		{263C813D-BF21-4D76-88BE-4E78638112C1}.Ad-Hoc|iPhone.Build.0 = Ad-Hoc|iPhone
		{263C813D-BF21-4D76-88BE-4E78638112C1}.Ad-Hoc|iPhoneSimulator.ActiveCfg = Ad-Hoc|iPhoneSimulator
		{263C813D-BF21-4D76-88BE-4E78638112C1}.Ad-Hoc|iPhoneSimulator.Build.0 = Ad-Hoc|iPhoneSimulator
		{263C813D-BF21-4D76-88BE-4E78638112C1}.Ad-Hoc|x64.ActiveCfg = Ad-Hoc|iPhone
		{263C813D-BF21-4D76-88BE-4E78638112C1}.Ad-Hoc|x86.ActiveCfg = Ad-Hoc|iPhone
		{263C813D-BF21-4D76-88BE-4E78638112C1}.AppStore|Any CPU.ActiveCfg = AppStore|iPhone
		{263C813D-BF21-4D76-88BE-4E78638112C1}.AppStore|ARM.ActiveCfg = AppStore|iPhone
		{263C813D-BF21-4D76-88BE-4E78638112C1}.AppStore|iPhone.ActiveCfg = AppStore|iPhone
		{263C813D-BF21-4D76-88BE-4E78638112C1}.AppStore|iPhone.Build.0 = AppStore|iPhone
		{263C813D-BF21-4D76-88BE-4E78638112C1}.AppStore|iPhoneSimulator.ActiveCfg = AppStore|iPhoneSimulator
		{263C813D-BF21-4D76-88BE-4E78638112C1}.AppStore|iPhoneSimulator.Build.0 = AppStore|iPhoneSimulator
		{263C813D-BF21-4D76-88BE-4E78638112C1}.AppStore|x64.ActiveCfg = AppStore|iPhone
		{263C813D-BF21-4D76-88BE-4E78638112C1}.AppStore|x86.ActiveCfg = AppStore|iPhone
		{263C813D-BF21-4D76-88BE-4E78638112C1}.Debug|Any CPU.ActiveCfg = Debug|iPhone
		{263C813D-BF21-4D76-88BE-4E78638112C1}.Debug|ARM.ActiveCfg = Debug|iPhone
		{263C813D-BF21-4D76-88BE-4E78638112C1}.Debug|iPhone.ActiveCfg = Debug|iPhone
		{263C813D-BF21-4D76-88BE-4E78638112C1}.Debug|iPhone.Build.0 = Debug|iPhone
		{263C813D-BF21-4D76-88BE-4E78638112C1}.Debug|iPhoneSimulator.ActiveCfg = Debug|iPhoneSimulator
		{263C813D-BF21-4D76-88BE-4E78638112C1}.Debug|iPhoneSimulator.Build.0 = Debug|iPhoneSimulator
		{263C813D-BF21-4D76-88BE-4E78638112C1}.Debug|x64.ActiveCfg = Debug|iPhone
		{263C813D-BF21-4D76-88BE-4E78638112C1}.Debug|x86.ActiveCfg = Debug|iPhone
		{263C813D-BF21-4D76-88BE-4E78638112C1}.Release|Any CPU.ActiveCfg = Release|iPhone
		{263C813D-BF21-4D76-88BE-4E78638112C1}.Release|ARM.ActiveCfg = Release|iPhone
		{263C813D-BF21-4D76-88BE-4E78638112C1}.Release|iPhone.ActiveCfg = Release|iPhone
		{263C813D-BF21-4D76-88BE-4E78638112C1}.Release|iPhone.Build.0 = Release|iPhone
		{263C813D-BF21-4D76-88BE-4E78638112C1}.Release|iPhoneSimulator.ActiveCfg = Release|iPhoneSimulator
		{263C813D-BF21-4D76-88BE-4E78638112C1}.Release|iPhoneSimulator.Build.0 = Release|iPhoneSimulator
		{263C813D-BF21-4D76-88BE-4E78638112C1}.Release|x64.ActiveCfg = Release|iPhone
		{263C813D-BF21-4D76-88BE-4E78638112C1}.Release|x86.ActiveCfg = Release|iPhone
	EndGlobalSection
	GlobalSection(SolutionProperties) = preSolution
		HideSolutionNode = FALSE
	EndGlobalSection
EndGlobal
